
Microsoft Visual Studio Solution File, Format Version 12.00
# Visual Studio Version 17
VisualStudioVersion = 17.4.33205.214
MinimumVisualStudioVersion = 10.0.40219.1
Project("{9A19103F-16F7-4668-BE54-9A1E7A4F7556}") = "Rects", "RectanglesApp\Rects.csproj", "{88047E78-CF91-4338-B65D-F4D241013755}"
EndProject
Global
	GlobalSection(SolutionConfigurationPlatforms) = preSolution
		Debug|Any CPU = Debug|Any CPU
		Release|Any CPU = Release|Any CPU
	EndGlobalSection
	GlobalSection(ProjectConfigurationPlatforms) = postSolution
		{88047E78-CF91-4338-B65D-F4D241013755}.Debug|Any CPU.ActiveCfg = Debug|Any CPU
		{88047E78-CF91-4338-B65D-F4D241013755}.Debug|Any CPU.Build.0 = Debug|Any CPU
		{88047E78-CF91-4338-B65D-F4D241013755}.Release|Any CPU.ActiveCfg = Release|Any CPU
		{88047E78-CF91-4338-B65D-F4D241013755}.Release|Any CPU.Build.0 = Release|Any CPU
	EndGlobalSection
	GlobalSection(SolutionProperties) = preSolution
		HideSolutionNode = FALSE
	EndGlobalSection
	GlobalSection(ExtensibilityGlobals) = postSolution
		SolutionGuid = {8AFBB57B-9549-49FE-A3CA-8568D6454101}
	EndGlobalSection
EndGlobal
